
Microsoft Visual Studio Solution File, Format Version 12.00
# Visual Studio 15
VisualStudioVersion = 15.0.27703.2000
MinimumVisualStudioVersion = 10.0.40219.1
Project("{FAE04EC0-301F-11D3-BF4B-00C04F79EFBC}") = "Heap_Tree", "Heap_Tree\Heap_Tree.csproj", "{2D3F55E2-AAAA-487A-8363-049F8BC0767A}"
EndProject
Global
	GlobalSection(SolutionConfigurationPlatforms) = preSolution
		Debug|Any CPU = Debug|Any CPU
		Release|Any CPU = Release|Any CPU
	EndGlobalSection
	GlobalSection(ProjectConfigurationPlatforms) = postSolution
		{2D3F55E2-AAAA-487A-8363-049F8BC0767A}.Debug|Any CPU.ActiveCfg = Debug|Any CPU
		{2D3F55E2-AAAA-487A-8363-049F8BC0767A}.Debug|Any CPU.Build.0 = Debug|Any CPU
		{2D3F55E2-AAAA-487A-8363-049F8BC0767A}.Release|Any CPU.ActiveCfg = Release|Any CPU
		{2D3F55E2-AAAA-487A-8363-049F8BC0767A}.Release|Any CPU.Build.0 = Release|Any CPU
	EndGlobalSection
	GlobalSection(SolutionProperties) = preSolution
		HideSolutionNode = FALSE
	EndGlobalSection
	GlobalSection(ExtensibilityGlobals) = postSolution
		SolutionGuid = {2F81ED91-4AF9-40F2-9D99-9481B8FCC4FF}
	EndGlobalSection
EndGlobal
